
Microsoft Visual Studio Solution File, Format Version 12.00
# Visual Studio Version 16
VisualStudioVersion = 16.0.30804.86
MinimumVisualStudioVersion = 10.0.40219.1
Project("{9A19103F-16F7-4668-BE54-9A1E7A4F7556}") = "FinalProject-Part1", "FinalProject-Part1\FinalProject-Part1.csproj", "{B32657D2-74C8-4337-B353-24AE8F0884BE}"
EndProject
Project("{9A19103F-16F7-4668-BE54-9A1E7A4F7556}") = "ConsoleTests", "ConsoleTests\ConsoleTests.csproj", "{405F8D91-B939-4618-9CB9-CC010EBE46C3}"
EndProject
Project("{9A19103F-16F7-4668-BE54-9A1E7A4F7556}") = "FinalProjectTestCore", "FinalProjectTestCore\FinalProjectTestCore.csproj", "{7FF03E08-E12F-4989-B5BA-BAFA2B264DEF}"
EndProject
Project("{FAE04EC0-301F-11D3-BF4B-00C04F79EFBC}") = "AddingRandomDatabase", "AddingRandomDatabase\AddingRandomDatabase.csproj", "{7B285242-CBA8-4D6B-B1E4-3676E55637B0}"
EndProject
Project("{9A19103F-16F7-4668-BE54-9A1E7A4F7556}") = "MVC-REST-API", "MVC-REST-API\MVC-REST-API.csproj", "{FB42A490-45F4-424D-8057-64FE4BAB7AA2}"
EndProject
Global
	GlobalSection(SolutionConfigurationPlatforms) = preSolution
		Debug|Any CPU = Debug|Any CPU
		Release|Any CPU = Release|Any CPU
	EndGlobalSection
	GlobalSection(ProjectConfigurationPlatforms) = postSolution
		{B32657D2-74C8-4337-B353-24AE8F0884BE}.Debug|Any CPU.ActiveCfg = Debug|Any CPU
		{B32657D2-74C8-4337-B353-24AE8F0884BE}.Debug|Any CPU.Build.0 = Debug|Any CPU
		{B32657D2-74C8-4337-B353-24AE8F0884BE}.Release|Any CPU.ActiveCfg = Release|Any CPU
		{B32657D2-74C8-4337-B353-24AE8F0884BE}.Release|Any CPU.Build.0 = Release|Any CPU
		{405F8D91-B939-4618-9CB9-CC010EBE46C3}.Debug|Any CPU.ActiveCfg = Debug|Any CPU
		{405F8D91-B939-4618-9CB9-CC010EBE46C3}.Debug|Any CPU.Build.0 = Debug|Any CPU
		{405F8D91-B939-4618-9CB9-CC010EBE46C3}.Release|Any CPU.ActiveCfg = Release|Any CPU
		{405F8D91-B939-4618-9CB9-CC010EBE46C3}.Release|Any CPU.Build.0 = Release|Any CPU
		{7FF03E08-E12F-4989-B5BA-BAFA2B264DEF}.Debug|Any CPU.ActiveCfg = Debug|Any CPU
		{7FF03E08-E12F-4989-B5BA-BAFA2B264DEF}.Debug|Any CPU.Build.0 = Debug|Any CPU
		{7FF03E08-E12F-4989-B5BA-BAFA2B264DEF}.Release|Any CPU.ActiveCfg = Release|Any CPU
		{7FF03E08-E12F-4989-B5BA-BAFA2B264DEF}.Release|Any CPU.Build.0 = Release|Any CPU
		{7B285242-CBA8-4D6B-B1E4-3676E55637B0}.Debug|Any CPU.ActiveCfg = Debug|Any CPU
		{7B285242-CBA8-4D6B-B1E4-3676E55637B0}.Debug|Any CPU.Build.0 = Debug|Any CPU
		{7B285242-CBA8-4D6B-B1E4-3676E55637B0}.Release|Any CPU.ActiveCfg = Release|Any CPU
		{7B285242-CBA8-4D6B-B1E4-3676E55637B0}.Release|Any CPU.Build.0 = Release|Any CPU
		{FB42A490-45F4-424D-8057-64FE4BAB7AA2}.Debug|Any CPU.ActiveCfg = Debug|Any CPU
		{FB42A490-45F4-424D-8057-64FE4BAB7AA2}.Debug|Any CPU.Build.0 = Debug|Any CPU
		{FB42A490-45F4-424D-8057-64FE4BAB7AA2}.Release|Any CPU.ActiveCfg = Release|Any CPU
		{FB42A490-45F4-424D-8057-64FE4BAB7AA2}.Release|Any CPU.Build.0 = Release|Any CPU
	EndGlobalSection
	GlobalSection(SolutionProperties) = preSolution
		HideSolutionNode = FALSE
	EndGlobalSection
	GlobalSection(ExtensibilityGlobals) = postSolution
		SolutionGuid = {1F20EF79-291F-4BF8-81B4-7246F9946279}
	EndGlobalSection
EndGlobal
